
Microsoft Visual Studio Solution File, Format Version 12.00
# Visual Studio Version 16
VisualStudioVersion = 16.0.30711.63
MinimumVisualStudioVersion = 10.0.40219.1
Project("{FAE04EC0-301F-11D3-BF4B-00C04F79EFBC}") = "WebUITamhmor", "WebUITamhmor\WebUITamhmor.csproj", "{284D5E58-0DD8-4E48-A94E-A3B0CAB10C51}"
EndProject
Global
	GlobalSection(SolutionConfigurationPlatforms) = preSolution
		Debug|Any CPU = Debug|Any CPU
		Release|Any CPU = Release|Any CPU
	EndGlobalSection
	GlobalSection(ProjectConfigurationPlatforms) = postSolution
		{284D5E58-0DD8-4E48-A94E-A3B0CAB10C51}.Debug|Any CPU.ActiveCfg = Debug|Any CPU
		{284D5E58-0DD8-4E48-A94E-A3B0CAB10C51}.Debug|Any CPU.Build.0 = Debug|Any CPU
		{284D5E58-0DD8-4E48-A94E-A3B0CAB10C51}.Release|Any CPU.ActiveCfg = Release|Any CPU
		{284D5E58-0DD8-4E48-A94E-A3B0CAB10C51}.Release|Any CPU.Build.0 = Release|Any CPU
	EndGlobalSection
	GlobalSection(SolutionProperties) = preSolution
		HideSolutionNode = FALSE
	EndGlobalSection
	GlobalSection(ExtensibilityGlobals) = postSolution
		SolutionGuid = {D189F218-4208-4300-A5DD-83BFE3BF8374}
	EndGlobalSection
EndGlobal
